
Microsoft Visual Studio Solution File, Format Version 12.00
# Visual Studio Version 17
VisualStudioVersion = 17.0.31903.59
MinimumVisualStudioVersion = 10.0.40219.1
Project("{2150E333-8FDC-42A3-9474-1A3956D46DE8}") = "src", "src", "{827E0CD3-B72D-47B6-A68D-7590B98EB39B}"
EndProject
Project("{FAE04EC0-301F-11D3-BF4B-00C04F79EFBC}") = "StarPie.Plugin.Abstractions", "src\StarPie.Plugin.Abstractions\StarPie.Plugin.Abstractions.csproj", "{71CA49E2-A6C2-4134-99C7-1CE6FAAF2223}"
EndProject
Project("{FAE04EC0-301F-11D3-BF4B-00C04F79EFBC}") = "StarPie.Plugin.Command", "src\StarPie.Plugin.Command\StarPie.Plugin.Command.csproj", "{0E21E20F-94D1-4CDC-A6E6-3DCB28EAB735}"
EndProject
Project("{FAE04EC0-301F-11D3-BF4B-00C04F79EFBC}") = "StarPie.Plugin.Folder", "src\StarPie.Plugin.Folder\StarPie.Plugin.Folder.csproj", "{4C67F906-97E8-4E23-85EC-52BB757F4571}"
EndProject
Project("{FAE04EC0-301F-11D3-BF4B-00C04F79EFBC}") = "StarPie.Plugin.Launch", "src\StarPie.Plugin.Launch\StarPie.Plugin.Launch.csproj", "{0ED9A871-D998-499B-80BF-D07DAE495066}"
EndProject
Project("{FAE04EC0-301F-11D3-BF4B-00C04F79EFBC}") = "StarPie.Plugin.MoveMonitor", "src\StarPie.Plugin.MoveMonitor\StarPie.Plugin.MoveMonitor.csproj", "{A32153DD-E836-4EB7-B6EF-DE0D8D5CDE6B}"
EndProject
Project("{FAE04EC0-301F-11D3-BF4B-00C04F79EFBC}") = "StarPie.Plugin.Ocr", "src\StarPie.Plugin.Ocr\StarPie.Plugin.Ocr.csproj", "{6E6FE48E-F7CF-46EC-8CC6-33399368D081}"
EndProject
Project("{FAE04EC0-301F-11D3-BF4B-00C04F79EFBC}") = "StarPie.Plugin.ShellTool", "src\StarPie.Plugin.ShellTool\StarPie.Plugin.ShellTool.csproj", "{DB3039FC-4D8D-4F60-AE41-6F7717327780}"
EndProject
Project("{FAE04EC0-301F-11D3-BF4B-00C04F79EFBC}") = "StarPie.Plugin.SwitchWindow", "src\StarPie.Plugin.SwitchWindow\StarPie.Plugin.SwitchWindow.csproj", "{B4ADC00B-6A04-4717-B8E4-25853FBD59C9}"
EndProject
Project("{FAE04EC0-301F-11D3-BF4B-00C04F79EFBC}") = "StarPie.Plugin.System", "src\StarPie.Plugin.System\StarPie.Plugin.System.csproj", "{742D7E6E-0AEA-49BB-A617-7CC61632E2F1}"
EndProject
Project("{FAE04EC0-301F-11D3-BF4B-00C04F79EFBC}") = "StarPie.Plugin.Tile", "src\StarPie.Plugin.Tile\StarPie.Plugin.Tile.csproj", "{0F752F7A-25D8-4714-955D-0E6EC0AE7AE0}"
EndProject
Project("{FAE04EC0-301F-11D3-BF4B-00C04F79EFBC}") = "StarPie.Plugin.ToggleTopmost", "src\StarPie.Plugin.ToggleTopmost\StarPie.Plugin.ToggleTopmost.csproj", "{5E937F45-A3BF-45E4-8FE5-B515F25AE043}"
EndProject
Project("{FAE04EC0-301F-11D3-BF4B-00C04F79EFBC}") = "StarPie.Plugin.WebUrl", "src\StarPie.Plugin.WebUrl\StarPie.Plugin.WebUrl.csproj", "{ABBBCCB8-E441-4A18-8F8D-3092D606E68E}"
EndProject
Project("{FAE04EC0-301F-11D3-BF4B-00C04F79EFBC}") = "StarPie.Plugin.WindowOpacity", "src\StarPie.Plugin.WindowOpacity\StarPie.Plugin.WindowOpacity.csproj", "{90760845-EBD2-4EAE-BEC1-ADFB9CCE6162}"
EndProject
Project("{FAE04EC0-301F-11D3-BF4B-00C04F79EFBC}") = "StarPie.Plugin.CadCommand", "src\StarPie.Plugin.CadCommand\StarPie.Plugin.CadCommand.csproj", "{22837BA6-0264-4FEC-AD95-1A8DF1AF16CC}"
EndProject
Project("{FAE04EC0-301F-11D3-BF4B-00C04F79EFBC}") = "StarPie.Plugin.KeypadLayer", "src\StarPie.Plugin.KeypadLayer\StarPie.Plugin.KeypadLayer.csproj", "{66D34547-B823-4022-A080-2D450F46FC6A}"
EndProject
Global
	GlobalSection(SolutionConfigurationPlatforms) = preSolution
		Debug|Any CPU = Debug|Any CPU
		Debug|x64 = Debug|x64
		Debug|x86 = Debug|x86
		Release|Any CPU = Release|Any CPU
		Release|x64 = Release|x64
		Release|x86 = Release|x86
	EndGlobalSection
	GlobalSection(ProjectConfigurationPlatforms) = postSolution
		{71CA49E2-A6C2-4134-99C7-1CE6FAAF2223}.Debug|Any CPU.ActiveCfg = Debug|x64
		{71CA49E2-A6C2-4134-99C7-1CE6FAAF2223}.Debug|Any CPU.Build.0 = Debug|x64
		{71CA49E2-A6C2-4134-99C7-1CE6FAAF2223}.Debug|x64.ActiveCfg = Debug|x64
		{71CA49E2-A6C2-4134-99C7-1CE6FAAF2223}.Debug|x64.Build.0 = Debug|x64
		{71CA49E2-A6C2-4134-99C7-1CE6FAAF2223}.Debug|x86.ActiveCfg = Debug|x64
		{71CA49E2-A6C2-4134-99C7-1CE6FAAF2223}.Debug|x86.Build.0 = Debug|x64
		{71CA49E2-A6C2-4134-99C7-1CE6FAAF2223}.Release|Any CPU.ActiveCfg = Release|x64
		{71CA49E2-A6C2-4134-99C7-1CE6FAAF2223}.Release|Any CPU.Build.0 = Release|x64
		{71CA49E2-A6C2-4134-99C7-1CE6FAAF2223}.Release|x64.ActiveCfg = Release|x64
		{71CA49E2-A6C2-4134-99C7-1CE6FAAF2223}.Release|x64.Build.0 = Release|x64
		{71CA49E2-A6C2-4134-99C7-1CE6FAAF2223}.Release|x86.ActiveCfg = Release|x64
		{71CA49E2-A6C2-4134-99C7-1CE6FAAF2223}.Release|x86.Build.0 = Release|x64
		{0E21E20F-94D1-4CDC-A6E6-3DCB28EAB735}.Debug|Any CPU.ActiveCfg = Debug|x64
		{0E21E20F-94D1-4CDC-A6E6-3DCB28EAB735}.Debug|Any CPU.Build.0 = Debug|x64
		{0E21E20F-94D1-4CDC-A6E6-3DCB28EAB735}.Debug|x64.ActiveCfg = Debug|x64
		{0E21E20F-94D1-4CDC-A6E6-3DCB28EAB735}.Debug|x64.Build.0 = Debug|x64
		{0E21E20F-94D1-4CDC-A6E6-3DCB28EAB735}.Debug|x86.ActiveCfg = Debug|x64
		{0E21E20F-94D1-4CDC-A6E6-3DCB28EAB735}.Debug|x86.Build.0 = Debug|x64
		{0E21E20F-94D1-4CDC-A6E6-3DCB28EAB735}.Release|Any CPU.ActiveCfg = Release|x64
		{0E21E20F-94D1-4CDC-A6E6-3DCB28EAB735}.Release|Any CPU.Build.0 = Release|x64
		{0E21E20F-94D1-4CDC-A6E6-3DCB28EAB735}.Release|x64.ActiveCfg = Release|x64
		{0E21E20F-94D1-4CDC-A6E6-3DCB28EAB735}.Release|x64.Build.0 = Release|x64
		{0E21E20F-94D1-4CDC-A6E6-3DCB28EAB735}.Release|x86.ActiveCfg = Release|x64
		{0E21E20F-94D1-4CDC-A6E6-3DCB28EAB735}.Release|x86.Build.0 = Release|x64
		{4C67F906-97E8-4E23-85EC-52BB757F4571}.Debug|Any CPU.ActiveCfg = Debug|x64
		{4C67F906-97E8-4E23-85EC-52BB757F4571}.Debug|Any CPU.Build.0 = Debug|x64
		{4C67F906-97E8-4E23-85EC-52BB757F4571}.Debug|x64.ActiveCfg = Debug|x64
		{4C67F906-97E8-4E23-85EC-52BB757F4571}.Debug|x64.Build.0 = Debug|x64
		{4C67F906-97E8-4E23-85EC-52BB757F4571}.Debug|x86.ActiveCfg = Debug|x64
		{4C67F906-97E8-4E23-85EC-52BB757F4571}.Debug|x86.Build.0 = Debug|x64
		{4C67F906-97E8-4E23-85EC-52BB757F4571}.Release|Any CPU.ActiveCfg = Release|x64
		{4C67F906-97E8-4E23-85EC-52BB757F4571}.Release|Any CPU.Build.0 = Release|x64
		{4C67F906-97E8-4E23-85EC-52BB757F4571}.Release|x64.ActiveCfg = Release|x64
		{4C67F906-97E8-4E23-85EC-52BB757F4571}.Release|x64.Build.0 = Release|x64
		{4C67F906-97E8-4E23-85EC-52BB757F4571}.Release|x86.ActiveCfg = Release|x64
		{4C67F906-97E8-4E23-85EC-52BB757F4571}.Release|x86.Build.0 = Release|x64
		{0ED9A871-D998-499B-80BF-D07DAE495066}.Debug|Any CPU.ActiveCfg = Debug|x64
		{0ED9A871-D998-499B-80BF-D07DAE495066}.Debug|Any CPU.Build.0 = Debug|x64
		{0ED9A871-D998-499B-80BF-D07DAE495066}.Debug|x64.ActiveCfg = Debug|x64
		{0ED9A871-D998-499B-80BF-D07DAE495066}.Debug|x64.Build.0 = Debug|x64
		{0ED9A871-D998-499B-80BF-D07DAE495066}.Debug|x86.ActiveCfg = Debug|x64
		{0ED9A871-D998-499B-80BF-D07DAE495066}.Debug|x86.Build.0 = Debug|x64
		{0ED9A871-D998-499B-80BF-D07DAE495066}.Release|Any CPU.ActiveCfg = Release|x64
		{0ED9A871-D998-499B-80BF-D07DAE495066}.Release|Any CPU.Build.0 = Release|x64
		{0ED9A871-D998-499B-80BF-D07DAE495066}.Release|x64.ActiveCfg = Release|x64
		{0ED9A871-D998-499B-80BF-D07DAE495066}.Release|x64.Build.0 = Release|x64
		{0ED9A871-D998-499B-80BF-D07DAE495066}.Release|x86.ActiveCfg = Release|x64
		{0ED9A871-D998-499B-80BF-D07DAE495066}.Release|x86.Build.0 = Release|x64
		{A32153DD-E836-4EB7-B6EF-DE0D8D5CDE6B}.Debug|Any CPU.ActiveCfg = Debug|x64
		{A32153DD-E836-4EB7-B6EF-DE0D8D5CDE6B}.Debug|Any CPU.Build.0 = Debug|x64
		{A32153DD-E836-4EB7-B6EF-DE0D8D5CDE6B}.Debug|x64.ActiveCfg = Debug|x64
		{A32153DD-E836-4EB7-B6EF-DE0D8D5CDE6B}.Debug|x64.Build.0 = Debug|x64
		{A32153DD-E836-4EB7-B6EF-DE0D8D5CDE6B}.Debug|x86.ActiveCfg = Debug|x64
		{A32153DD-E836-4EB7-B6EF-DE0D8D5CDE6B}.Debug|x86.Build.0 = Debug|x64
		{A32153DD-E836-4EB7-B6EF-DE0D8D5CDE6B}.Release|Any CPU.ActiveCfg = Release|x64
		{A32153DD-E836-4EB7-B6EF-DE0D8D5CDE6B}.Release|Any CPU.Build.0 = Release|x64
		{A32153DD-E836-4EB7-B6EF-DE0D8D5CDE6B}.Release|x64.ActiveCfg = Release|x64
		{A32153DD-E836-4EB7-B6EF-DE0D8D5CDE6B}.Release|x64.Build.0 = Release|x64
		{A32153DD-E836-4EB7-B6EF-DE0D8D5CDE6B}.Release|x86.ActiveCfg = Release|x64
		{A32153DD-E836-4EB7-B6EF-DE0D8D5CDE6B}.Release|x86.Build.0 = Release|x64
		{6E6FE48E-F7CF-46EC-8CC6-33399368D081}.Debug|Any CPU.ActiveCfg = Debug|x64
		{6E6FE48E-F7CF-46EC-8CC6-33399368D081}.Debug|Any CPU.Build.0 = Debug|x64
		{6E6FE48E-F7CF-46EC-8CC6-33399368D081}.Debug|x64.ActiveCfg = Debug|x64
		{6E6FE48E-F7CF-46EC-8CC6-33399368D081}.Debug|x64.Build.0 = Debug|x64
		{6E6FE48E-F7CF-46EC-8CC6-33399368D081}.Debug|x86.ActiveCfg = Debug|x64
		{6E6FE48E-F7CF-46EC-8CC6-33399368D081}.Debug|x86.Build.0 = Debug|x64
		{6E6FE48E-F7CF-46EC-8CC6-33399368D081}.Release|Any CPU.ActiveCfg = Release|x64
		{6E6FE48E-F7CF-46EC-8CC6-33399368D081}.Release|Any CPU.Build.0 = Release|x64
		{6E6FE48E-F7CF-46EC-8CC6-33399368D081}.Release|x64.ActiveCfg = Release|x64
		{6E6FE48E-F7CF-46EC-8CC6-33399368D081}.Release|x64.Build.0 = Release|x64
		{6E6FE48E-F7CF-46EC-8CC6-33399368D081}.Release|x86.ActiveCfg = Release|x64
		{6E6FE48E-F7CF-46EC-8CC6-33399368D081}.Release|x86.Build.0 = Release|x64
		{DB3039FC-4D8D-4F60-AE41-6F7717327780}.Debug|Any CPU.ActiveCfg = Debug|x64
		{DB3039FC-4D8D-4F60-AE41-6F7717327780}.Debug|Any CPU.Build.0 = Debug|x64
		{DB3039FC-4D8D-4F60-AE41-6F7717327780}.Debug|x64.ActiveCfg = Debug|x64
		{DB3039FC-4D8D-4F60-AE41-6F7717327780}.Debug|x64.Build.0 = Debug|x64
		{DB3039FC-4D8D-4F60-AE41-6F7717327780}.Debug|x86.ActiveCfg = Debug|x64
		{DB3039FC-4D8D-4F60-AE41-6F7717327780}.Debug|x86.Build.0 = Debug|x64
		{DB3039FC-4D8D-4F60-AE41-6F7717327780}.Release|Any CPU.ActiveCfg = Release|x64
		{DB3039FC-4D8D-4F60-AE41-6F7717327780}.Release|Any CPU.Build.0 = Release|x64
		{DB3039FC-4D8D-4F60-AE41-6F7717327780}.Release|x64.ActiveCfg = Release|x64
		{DB3039FC-4D8D-4F60-AE41-6F7717327780}.Release|x64.Build.0 = Release|x64
		{DB3039FC-4D8D-4F60-AE41-6F7717327780}.Release|x86.ActiveCfg = Release|x64
		{DB3039FC-4D8D-4F60-AE41-6F7717327780}.Release|x86.Build.0 = Release|x64
		{B4ADC00B-6A04-4717-B8E4-25853FBD59C9}.Debug|Any CPU.ActiveCfg = Debug|x64
		{B4ADC00B-6A04-4717-B8E4-25853FBD59C9}.Debug|Any CPU.Build.0 = Debug|x64
		{B4ADC00B-6A04-4717-B8E4-25853FBD59C9}.Debug|x64.ActiveCfg = Debug|x64
		{B4ADC00B-6A04-4717-B8E4-25853FBD59C9}.Debug|x64.Build.0 = Debug|x64
		{B4ADC00B-6A04-4717-B8E4-25853FBD59C9}.Debug|x86.ActiveCfg = Debug|x64
		{B4ADC00B-6A04-4717-B8E4-25853FBD59C9}.Debug|x86.Build.0 = Debug|x64
		{B4ADC00B-6A04-4717-B8E4-25853FBD59C9}.Release|Any CPU.ActiveCfg = Release|x64
		{B4ADC00B-6A04-4717-B8E4-25853FBD59C9}.Release|Any CPU.Build.0 = Release|x64
		{B4ADC00B-6A04-4717-B8E4-25853FBD59C9}.Release|x64.ActiveCfg = Release|x64
		{B4ADC00B-6A04-4717-B8E4-25853FBD59C9}.Release|x64.Build.0 = Release|x64
		{B4ADC00B-6A04-4717-B8E4-25853FBD59C9}.Release|x86.ActiveCfg = Release|x64
		{B4ADC00B-6A04-4717-B8E4-25853FBD59C9}.Release|x86.Build.0 = Release|x64
		{742D7E6E-0AEA-49BB-A617-7CC61632E2F1}.Debug|Any CPU.ActiveCfg = Debug|x64
		{742D7E6E-0AEA-49BB-A617-7CC61632E2F1}.Debug|Any CPU.Build.0 = Debug|x64
		{742D7E6E-0AEA-49BB-A617-7CC61632E2F1}.Debug|x64.ActiveCfg = Debug|x64
		{742D7E6E-0AEA-49BB-A617-7CC61632E2F1}.Debug|x64.Build.0 = Debug|x64
		{742D7E6E-0AEA-49BB-A617-7CC61632E2F1}.Debug|x86.ActiveCfg = Debug|x64
		{742D7E6E-0AEA-49BB-A617-7CC61632E2F1}.Debug|x86.Build.0 = Debug|x64
		{742D7E6E-0AEA-49BB-A617-7CC61632E2F1}.Release|Any CPU.ActiveCfg = Release|x64
		{742D7E6E-0AEA-49BB-A617-7CC61632E2F1}.Release|Any CPU.Build.0 = Release|x64
		{742D7E6E-0AEA-49BB-A617-7CC61632E2F1}.Release|x64.ActiveCfg = Release|x64
		{742D7E6E-0AEA-49BB-A617-7CC61632E2F1}.Release|x64.Build.0 = Release|x64
		{742D7E6E-0AEA-49BB-A617-7CC61632E2F1}.Release|x86.ActiveCfg = Release|x64
		{742D7E6E-0AEA-49BB-A617-7CC61632E2F1}.Release|x86.Build.0 = Release|x64
		{0F752F7A-25D8-4714-955D-0E6EC0AE7AE0}.Debug|Any CPU.ActiveCfg = Debug|x64
		{0F752F7A-25D8-4714-955D-0E6EC0AE7AE0}.Debug|Any CPU.Build.0 = Debug|x64
		{0F752F7A-25D8-4714-955D-0E6EC0AE7AE0}.Debug|x64.ActiveCfg = Debug|x64
		{0F752F7A-25D8-4714-955D-0E6EC0AE7AE0}.Debug|x64.Build.0 = Debug|x64
		{0F752F7A-25D8-4714-955D-0E6EC0AE7AE0}.Debug|x86.ActiveCfg = Debug|x64
		{0F752F7A-25D8-4714-955D-0E6EC0AE7AE0}.Debug|x86.Build.0 = Debug|x64
		{0F752F7A-25D8-4714-955D-0E6EC0AE7AE0}.Release|Any CPU.ActiveCfg = Release|x64
		{0F752F7A-25D8-4714-955D-0E6EC0AE7AE0}.Release|Any CPU.Build.0 = Release|x64
		{0F752F7A-25D8-4714-955D-0E6EC0AE7AE0}.Release|x64.ActiveCfg = Release|x64
		{0F752F7A-25D8-4714-955D-0E6EC0AE7AE0}.Release|x64.Build.0 = Release|x64
		{0F752F7A-25D8-4714-955D-0E6EC0AE7AE0}.Release|x86.ActiveCfg = Release|x64
		{0F752F7A-25D8-4714-955D-0E6EC0AE7AE0}.Release|x86.Build.0 = Release|x64
		{5E937F45-A3BF-45E4-8FE5-B515F25AE043}.Debug|Any CPU.ActiveCfg = Debug|x64
		{5E937F45-A3BF-45E4-8FE5-B515F25AE043}.Debug|Any CPU.Build.0 = Debug|x64
		{5E937F45-A3BF-45E4-8FE5-B515F25AE043}.Debug|x64.ActiveCfg = Debug|x64
		{5E937F45-A3BF-45E4-8FE5-B515F25AE043}.Debug|x64.Build.0 = Debug|x64
		{5E937F45-A3BF-45E4-8FE5-B515F25AE043}.Debug|x86.ActiveCfg = Debug|x64
		{5E937F45-A3BF-45E4-8FE5-B515F25AE043}.Debug|x86.Build.0 = Debug|x64
		{5E937F45-A3BF-45E4-8FE5-B515F25AE043}.Release|Any CPU.ActiveCfg = Release|x64
		{5E937F45-A3BF-45E4-8FE5-B515F25AE043}.Release|Any CPU.Build.0 = Release|x64
		{5E937F45-A3BF-45E4-8FE5-B515F25AE043}.Release|x64.ActiveCfg = Release|x64
		{5E937F45-A3BF-45E4-8FE5-B515F25AE043}.Release|x64.Build.0 = Release|x64
		{5E937F45-A3BF-45E4-8FE5-B515F25AE043}.Release|x86.ActiveCfg = Release|x64
		{5E937F45-A3BF-45E4-8FE5-B515F25AE043}.Release|x86.Build.0 = Release|x64
		{ABBBCCB8-E441-4A18-8F8D-3092D606E68E}.Debug|Any CPU.ActiveCfg = Debug|x64
		{ABBBCCB8-E441-4A18-8F8D-3092D606E68E}.Debug|Any CPU.Build.0 = Debug|x64
		{ABBBCCB8-E441-4A18-8F8D-3092D606E68E}.Debug|x64.ActiveCfg = Debug|x64
		{ABBBCCB8-E441-4A18-8F8D-3092D606E68E}.Debug|x64.Build.0 = Debug|x64
		{ABBBCCB8-E441-4A18-8F8D-3092D606E68E}.Debug|x86.ActiveCfg = Debug|x64
		{ABBBCCB8-E441-4A18-8F8D-3092D606E68E}.Debug|x86.Build.0 = Debug|x64
		{ABBBCCB8-E441-4A18-8F8D-3092D606E68E}.Release|Any CPU.ActiveCfg = Release|x64
		{ABBBCCB8-E441-4A18-8F8D-3092D606E68E}.Release|Any CPU.Build.0 = Release|x64
		{ABBBCCB8-E441-4A18-8F8D-3092D606E68E}.Release|x64.ActiveCfg = Release|x64
		{ABBBCCB8-E441-4A18-8F8D-3092D606E68E}.Release|x64.Build.0 = Release|x64
		{ABBBCCB8-E441-4A18-8F8D-3092D606E68E}.Release|x86.ActiveCfg = Release|x64
		{ABBBCCB8-E441-4A18-8F8D-3092D606E68E}.Release|x86.Build.0 = Release|x64
		{90760845-EBD2-4EAE-BEC1-ADFB9CCE6162}.Debug|Any CPU.ActiveCfg = Debug|x64
		{90760845-EBD2-4EAE-BEC1-ADFB9CCE6162}.Debug|Any CPU.Build.0 = Debug|x64
		{90760845-EBD2-4EAE-BEC1-ADFB9CCE6162}.Debug|x64.ActiveCfg = Debug|x64
		{90760845-EBD2-4EAE-BEC1-ADFB9CCE6162}.Debug|x64.Build.0 = Debug|x64
		{90760845-EBD2-4EAE-BEC1-ADFB9CCE6162}.Debug|x86.ActiveCfg = Debug|x64
		{90760845-EBD2-4EAE-BEC1-ADFB9CCE6162}.Debug|x86.Build.0 = Debug|x64
		{90760845-EBD2-4EAE-BEC1-ADFB9CCE6162}.Release|Any CPU.ActiveCfg = Release|x64
		{90760845-EBD2-4EAE-BEC1-ADFB9CCE6162}.Release|Any CPU.Build.0 = Release|x64
		{90760845-EBD2-4EAE-BEC1-ADFB9CCE6162}.Release|x64.ActiveCfg = Release|x64
		{90760845-EBD2-4EAE-BEC1-ADFB9CCE6162}.Release|x64.Build.0 = Release|x64
		{90760845-EBD2-4EAE-BEC1-ADFB9CCE6162}.Release|x86.ActiveCfg = Release|x64
		{90760845-EBD2-4EAE-BEC1-ADFB9CCE6162}.Release|x86.Build.0 = Release|x64
		{22837BA6-0264-4FEC-AD95-1A8DF1AF16CC}.Debug|Any CPU.ActiveCfg = Debug|x64
		{22837BA6-0264-4FEC-AD95-1A8DF1AF16CC}.Debug|Any CPU.Build.0 = Debug|x64
		{22837BA6-0264-4FEC-AD95-1A8DF1AF16CC}.Debug|x64.ActiveCfg = Debug|x64
		{22837BA6-0264-4FEC-AD95-1A8DF1AF16CC}.Debug|x64.Build.0 = Debug|x64
		{22837BA6-0264-4FEC-AD95-1A8DF1AF16CC}.Debug|x86.ActiveCfg = Debug|x64
		{22837BA6-0264-4FEC-AD95-1A8DF1AF16CC}.Debug|x86.Build.0 = Debug|x64
		{22837BA6-0264-4FEC-AD95-1A8DF1AF16CC}.Release|Any CPU.ActiveCfg = Release|x64
		{22837BA6-0264-4FEC-AD95-1A8DF1AF16CC}.Release|Any CPU.Build.0 = Release|x64
		{22837BA6-0264-4FEC-AD95-1A8DF1AF16CC}.Release|x64.ActiveCfg = Release|x64
		{22837BA6-0264-4FEC-AD95-1A8DF1AF16CC}.Release|x64.Build.0 = Release|x64
		{22837BA6-0264-4FEC-AD95-1A8DF1AF16CC}.Release|x86.ActiveCfg = Release|x64
		{22837BA6-0264-4FEC-AD95-1A8DF1AF16CC}.Release|x86.Build.0 = Release|x64
		{66D34547-B823-4022-A080-2D450F46FC6A}.Debug|Any CPU.ActiveCfg = Debug|x64
		{66D34547-B823-4022-A080-2D450F46FC6A}.Debug|Any CPU.Build.0 = Debug|x64
		{66D34547-B823-4022-A080-2D450F46FC6A}.Debug|x64.ActiveCfg = Debug|x64
		{66D34547-B823-4022-A080-2D450F46FC6A}.Debug|x64.Build.0 = Debug|x64
		{66D34547-B823-4022-A080-2D450F46FC6A}.Debug|x86.ActiveCfg = Debug|x64
		{66D34547-B823-4022-A080-2D450F46FC6A}.Debug|x86.Build.0 = Debug|x64
		{66D34547-B823-4022-A080-2D450F46FC6A}.Release|Any CPU.ActiveCfg = Release|x64
		{66D34547-B823-4022-A080-2D450F46FC6A}.Release|Any CPU.Build.0 = Release|x64
		{66D34547-B823-4022-A080-2D450F46FC6A}.Release|x64.ActiveCfg = Release|x64
		{66D34547-B823-4022-A080-2D450F46FC6A}.Release|x64.Build.0 = Release|x64
		{66D34547-B823-4022-A080-2D450F46FC6A}.Release|x86.ActiveCfg = Release|x64
		{66D34547-B823-4022-A080-2D450F46FC6A}.Release|x86.Build.0 = Release|x64
	EndGlobalSection
	GlobalSection(SolutionProperties) = preSolution
		HideSolutionNode = FALSE
	EndGlobalSection
	GlobalSection(NestedProjects) = preSolution
		{71CA49E2-A6C2-4134-99C7-1CE6FAAF2223} = {827E0CD3-B72D-47B6-A68D-7590B98EB39B}
		{0E21E20F-94D1-4CDC-A6E6-3DCB28EAB735} = {827E0CD3-B72D-47B6-A68D-7590B98EB39B}
		{4C67F906-97E8-4E23-85EC-52BB757F4571} = {827E0CD3-B72D-47B6-A68D-7590B98EB39B}
		{0ED9A871-D998-499B-80BF-D07DAE495066} = {827E0CD3-B72D-47B6-A68D-7590B98EB39B}
		{A32153DD-E836-4EB7-B6EF-DE0D8D5CDE6B} = {827E0CD3-B72D-47B6-A68D-7590B98EB39B}
		{6E6FE48E-F7CF-46EC-8CC6-33399368D081} = {827E0CD3-B72D-47B6-A68D-7590B98EB39B}
		{DB3039FC-4D8D-4F60-AE41-6F7717327780} = {827E0CD3-B72D-47B6-A68D-7590B98EB39B}
		{B4ADC00B-6A04-4717-B8E4-25853FBD59C9} = {827E0CD3-B72D-47B6-A68D-7590B98EB39B}
		{742D7E6E-0AEA-49BB-A617-7CC61632E2F1} = {827E0CD3-B72D-47B6-A68D-7590B98EB39B}
		{0F752F7A-25D8-4714-955D-0E6EC0AE7AE0} = {827E0CD3-B72D-47B6-A68D-7590B98EB39B}
		{5E937F45-A3BF-45E4-8FE5-B515F25AE043} = {827E0CD3-B72D-47B6-A68D-7590B98EB39B}
		{ABBBCCB8-E441-4A18-8F8D-3092D606E68E} = {827E0CD3-B72D-47B6-A68D-7590B98EB39B}
		{90760845-EBD2-4EAE-BEC1-ADFB9CCE6162} = {827E0CD3-B72D-47B6-A68D-7590B98EB39B}
		{22837BA6-0264-4FEC-AD95-1A8DF1AF16CC} = {827E0CD3-B72D-47B6-A68D-7590B98EB39B}
		{66D34547-B823-4022-A080-2D450F46FC6A} = {827E0CD3-B72D-47B6-A68D-7590B98EB39B}
	EndGlobalSection
EndGlobal
